// !$*UTF8*$!
{
	archiveVersion = 1;
	classes = {
	};
	objectVersion = 46;
	objects = {

/* Begin PBXBuildFile section */
		B602E9741C221BB00072CC74 /* AppDelegate.swift in Sources */ = {isa = PBXBuildFile; fileRef = B602E9731C221BB00072CC74 /* AppDelegate.swift */; };
		B602E9761C221BB00072CC74 /* ViewController.swift in Sources */ = {isa = PBXBuildFile; fileRef = B602E9751C221BB00072CC74 /* ViewController.swift */; };
		B602E9791C221BB00072CC74 /* Main.storyboard in Resources */ = {isa = PBXBuildFile; fileRef = B602E9771C221BB00072CC74 /* Main.storyboard */; };
		B602E97B1C221BB00072CC74 /* Assets.xcassets in Resources */ = {isa = PBXBuildFile; fileRef = B602E97A1C221BB00072CC74 /* Assets.xcassets */; };
		B602E97E1C221BB00072CC74 /* LaunchScreen.storyboard in Resources */ = {isa = PBXBuildFile; fileRef = B602E97C1C221BB00072CC74 /* LaunchScreen.storyboard */; };
		B602E9891C221BB00072CC74 /* baby_phoneTests.swift in Sources */ = {isa = PBXBuildFile; fileRef = B602E9881C221BB00072CC74 /* baby_phoneTests.swift */; };
		B602E9941C221BB00072CC74 /* baby_phoneUITests.swift in Sources */ = {isa = PBXBuildFile; fileRef = B602E9931C221BB00072CC74 /* baby_phoneUITests.swift */; };
		B67431AD1C238603009BCFC1 /* beep9.mp3 in Resources */ = {isa = PBXBuildFile; fileRef = B67431AC1C238603009BCFC1 /* beep9.mp3 */; };
		B67431AF1C238610009BCFC1 /* phone-ringtone.mp3 in Resources */ = {isa = PBXBuildFile; fileRef = B67431AE1C238610009BCFC1 /* phone-ringtone.mp3 */; };
		B67431B11C23861B009BCFC1 /* glass1.mp3 in Resources */ = {isa = PBXBuildFile; fileRef = B67431B01C23861B009BCFC1 /* glass1.mp3 */; };
		B67431B51C239CA2009BCFC1 /* hello.amr in Resources */ = {isa = PBXBuildFile; fileRef = B67431B41C239CA2009BCFC1 /* hello.amr */; };
		B67431B71C239F00009BCFC1 /* hello.m4a in Resources */ = {isa = PBXBuildFile; fileRef = B67431B61C239F00009BCFC1 /* hello.m4a */; };
		B67431B91C23BCE3009BCFC1 /* meow.aiff in Resources */ = {isa = PBXBuildFile; fileRef = B67431B81C23BCE3009BCFC1 /* meow.aiff */; };
		B67431BD1C23C027009BCFC1 /* dog.mp3 in Resources */ = {isa = PBXBuildFile; fileRef = B67431BC1C23C027009BCFC1 /* dog.mp3 */; };
		B67431C31C23C155009BCFC1 /* pig.mp3 in Resources */ = {isa = PBXBuildFile; fileRef = B67431BE1C23C155009BCFC1 /* pig.mp3 */; };
		B67431C41C23C155009BCFC1 /* elephant.mp3 in Resources */ = {isa = PBXBuildFile; fileRef = B67431BF1C23C155009BCFC1 /* elephant.mp3 */; };
		B67431C51C23C155009BCFC1 /* horse.mp3 in Resources */ = {isa = PBXBuildFile; fileRef = B67431C01C23C155009BCFC1 /* horse.mp3 */; };
		B67431C61C23C155009BCFC1 /* sheep.mp3 in Resources */ = {isa = PBXBuildFile; fileRef = B67431C11C23C155009BCFC1 /* sheep.mp3 */; };
		B67431C71C23C155009BCFC1 /* cow.mp3 in Resources */ = {isa = PBXBuildFile; fileRef = B67431C21C23C155009BCFC1 /* cow.mp3 */; };
		B67431CA1C23C510009BCFC1 /* bird.mp3 in Resources */ = {isa = PBXBuildFile; fileRef = B67431C81C23C510009BCFC1 /* bird.mp3 */; };
		B67431CB1C23C510009BCFC1 /* duck.mp3 in Resources */ = {isa = PBXBuildFile; fileRef = B67431C91C23C510009BCFC1 /* duck.mp3 */; };
/* End PBXBuildFile section */

/* Begin PBXContainerItemProxy section */
		B602E9851C221BB00072CC74 /* PBXContainerItemProxy */ = {
			isa = PBXContainerItemProxy;
			containerPortal = B602E9681C221BB00072CC74 /* Project object */;
			proxyType = 1;
			remoteGlobalIDString = B602E96F1C221BB00072CC74;
			remoteInfo = "baby phone";
		};
		B602E9901C221BB00072CC74 /* PBXContainerItemProxy */ = {
			isa = PBXContainerItemProxy;
			containerPortal = B602E9681C221BB00072CC74 /* Project object */;
			proxyType = 1;
			remoteGlobalIDString = B602E96F1C221BB00072CC74;
			remoteInfo = "baby phone";
		};
/* End PBXContainerItemProxy section */

/* Begin PBXFileReference section */
		B602E9701C221BB00072CC74 /* baby phone.app */ = {isa = PBXFileReference; explicitFileType = wrapper.application; includeInIndex = 0; path = "baby phone.app"; sourceTree = BUILT_PRODUCTS_DIR; };
		B602E9731C221BB00072CC74 /* AppDelegate.swift */ = {isa = PBXFileReference; lastKnownFileType = sourcecode.swift; path = AppDelegate.swift; sourceTree = "<group>"; };
		B602E9751C221BB00072CC74 /* ViewController.swift */ = {isa = PBXFileReference; lastKnownFileType = sourcecode.swift; path = ViewController.swift; sourceTree = "<group>"; };
		B602E9781C221BB00072CC74 /* Base */ = {isa = PBXFileReference; lastKnownFileType = file.storyboard; name = Base; path = Base.lproj/Main.storyboard; sourceTree = "<group>"; };
		B602E97A1C221BB00072CC74 /* Assets.xcassets */ = {isa = PBXFileReference; lastKnownFileType = folder.assetcatalog; path = Assets.xcassets; sourceTree = "<group>"; };
		B602E97D1C221BB00072CC74 /* Base */ = {isa = PBXFileReference; lastKnownFileType = file.storyboard; name = Base; path = Base.lproj/LaunchScreen.storyboard; sourceTree = "<group>"; };
		B602E97F1C221BB00072CC74 /* Info.plist */ = {isa = PBXFileReference; lastKnownFileType = text.plist.xml; path = Info.plist; sourceTree = "<group>"; };
		B602E9841C221BB00072CC74 /* baby phoneTests.xctest */ = {isa = PBXFileReference; explicitFileType = wrapper.cfbundle; includeInIndex = 0; path = "baby phoneTests.xctest"; sourceTree = BUILT_PRODUCTS_DIR; };
		B602E9881C221BB00072CC74 /* baby_phoneTests.swift */ = {isa = PBXFileReference; lastKnownFileType = sourcecode.swift; path = baby_phoneTests.swift; sourceTree = "<group>"; };
		B602E98A1C221BB00072CC74 /* Info.plist */ = {isa = PBXFileReference; lastKnownFileType = text.plist.xml; path = Info.plist; sourceTree = "<group>"; };
		B602E98F1C221BB00072CC74 /* baby phoneUITests.xctest */ = {isa = PBXFileReference; explicitFileType = wrapper.cfbundle; includeInIndex = 0; path = "baby phoneUITests.xctest"; sourceTree = BUILT_PRODUCTS_DIR; };
		B602E9931C221BB00072CC74 /* baby_phoneUITests.swift */ = {isa = PBXFileReference; lastKnownFileType = sourcecode.swift; path = baby_phoneUITests.swift; sourceTree = "<group>"; };
		B602E9951C221BB00072CC74 /* Info.plist */ = {isa = PBXFileReference; lastKnownFileType = text.plist.xml; path = Info.plist; sourceTree = "<group>"; };
		B67431AC1C238603009BCFC1 /* beep9.mp3 */ = {isa = PBXFileReference; lastKnownFileType = audio.mp3; name = beep9.mp3; path = ../../beep9.mp3; sourceTree = "<group>"; };
		B67431AE1C238610009BCFC1 /* phone-ringtone.mp3 */ = {isa = PBXFileReference; lastKnownFileType = audio.mp3; name = "phone-ringtone.mp3"; path = "../../phone-ringtone.mp3"; sourceTree = "<group>"; };
		B67431B01C23861B009BCFC1 /* glass1.mp3 */ = {isa = PBXFileReference; lastKnownFileType = audio.mp3; name = glass1.mp3; path = ../../glass1.mp3; sourceTree = "<group>"; };
		B67431B41C239CA2009BCFC1 /* hello.amr */ = {isa = PBXFileReference; lastKnownFileType = file; name = hello.amr; path = ../hello.amr; sourceTree = "<group>"; };
		B67431B61C239F00009BCFC1 /* hello.m4a */ = {isa = PBXFileReference; lastKnownFileType = file; name = hello.m4a; path = ../hello.m4a; sourceTree = "<group>"; };
		B67431B81C23BCE3009BCFC1 /* meow.aiff */ = {isa = PBXFileReference; lastKnownFileType = audio.aiff; name = meow.aiff; path = ../../meow.aiff; sourceTree = "<group>"; };
		B67431BC1C23C027009BCFC1 /* dog.mp3 */ = {isa = PBXFileReference; lastKnownFileType = audio.mp3; name = dog.mp3; path = ../dog.mp3; sourceTree = "<group>"; };
		B67431BE1C23C155009BCFC1 /* pig.mp3 */ = {isa = PBXFileReference; lastKnownFileType = audio.mp3; name = pig.mp3; path = ../pig.mp3; sourceTree = "<group>"; };
		B67431BF1C23C155009BCFC1 /* elephant.mp3 */ = {isa = PBXFileReference; lastKnownFileType = audio.mp3; name = elephant.mp3; path = ../elephant.mp3; sourceTree = "<group>"; };
		B67431C01C23C155009BCFC1 /* horse.mp3 */ = {isa = PBXFileReference; lastKnownFileType = audio.mp3; name = horse.mp3; path = ../horse.mp3; sourceTree = "<group>"; };
		B67431C11C23C155009BCFC1 /* sheep.mp3 */ = {isa = PBXFileReference; lastKnownFileType = audio.mp3; name = sheep.mp3; path = ../sheep.mp3; sourceTree = "<group>"; };
		B67431C21C23C155009BCFC1 /* cow.mp3 */ = {isa = PBXFileReference; lastKnownFileType = audio.mp3; name = cow.mp3; path = ../cow.mp3; sourceTree = "<group>"; };
		B67431C81C23C510009BCFC1 /* bird.mp3 */ = {isa = PBXFileReference; lastKnownFileType = audio.mp3; name = bird.mp3; path = ../bird.mp3; sourceTree = "<group>"; };
		B67431C91C23C510009BCFC1 /* duck.mp3 */ = {isa = PBXFileReference; lastKnownFileType = audio.mp3; name = duck.mp3; path = ../duck.mp3; sourceTree = "<group>"; };
/* End PBXFileReference section */

/* Begin PBXFrameworksBuildPhase section */
		B602E96D1C221BB00072CC74 /* Frameworks */ = {
			isa = PBXFrameworksBuildPhase;
			buildActionMask = 2147483647;
			files = (
			);
			runOnlyForDeploymentPostprocessing = 0;
		};
		B602E9811C221BB00072CC74 /* Frameworks */ = {
			isa = PBXFrameworksBuildPhase;
			buildActionMask = 2147483647;
			files = (
			);
			runOnlyForDeploymentPostprocessing = 0;
		};
		B602E98C1C221BB00072CC74 /* Frameworks */ = {
			isa = PBXFrameworksBuildPhase;
			buildActionMask = 2147483647;
			files = (
			);
			runOnlyForDeploymentPostprocessing = 0;
		};
/* End PBXFrameworksBuildPhase section */

/* Begin PBXGroup section */
		B602E9671C221BB00072CC74 = {
			isa = PBXGroup;
			children = (
				B67431C81C23C510009BCFC1 /* bird.mp3 */,
				B67431C91C23C510009BCFC1 /* duck.mp3 */,
				B67431BE1C23C155009BCFC1 /* pig.mp3 */,
				B67431BF1C23C155009BCFC1 /* elephant.mp3 */,
				B67431C01C23C155009BCFC1 /* horse.mp3 */,
				B67431C11C23C155009BCFC1 /* sheep.mp3 */,
				B67431C21C23C155009BCFC1 /* cow.mp3 */,
				B67431BC1C23C027009BCFC1 /* dog.mp3 */,
				B67431B41C239CA2009BCFC1 /* hello.amr */,
				B67431B61C239F00009BCFC1 /* hello.m4a */,
				B602E9721C221BB00072CC74 /* baby phone */,
				B602E9871C221BB00072CC74 /* baby phoneTests */,
				B602E9921C221BB00072CC74 /* baby phoneUITests */,
				B602E9711C221BB00072CC74 /* Products */,
			);
			sourceTree = "<group>";
		};
		B602E9711C221BB00072CC74 /* Products */ = {
			isa = PBXGroup;
			children = (
				B602E9701C221BB00072CC74 /* baby phone.app */,
				B602E9841C221BB00072CC74 /* baby phoneTests.xctest */,
				B602E98F1C221BB00072CC74 /* baby phoneUITests.xctest */,
			);
			name = Products;
			sourceTree = "<group>";
		};
		B602E9721C221BB00072CC74 /* baby phone */ = {
			isa = PBXGroup;
			children = (
				B602E9731C221BB00072CC74 /* AppDelegate.swift */,
				B602E9751C221BB00072CC74 /* ViewController.swift */,
				B602E9771C221BB00072CC74 /* Main.storyboard */,
				B67431B81C23BCE3009BCFC1 /* meow.aiff */,
				B67431B01C23861B009BCFC1 /* glass1.mp3 */,
				B67431AE1C238610009BCFC1 /* phone-ringtone.mp3 */,
				B67431AC1C238603009BCFC1 /* beep9.mp3 */,
				B602E97A1C221BB00072CC74 /* Assets.xcassets */,
				B602E97C1C221BB00072CC74 /* LaunchScreen.storyboard */,
				B602E97F1C221BB00072CC74 /* Info.plist */,
			);
			path = "baby phone";
			sourceTree = "<group>";
		};
		B602E9871C221BB00072CC74 /* baby phoneTests */ = {
			isa = PBXGroup;
			children = (
				B602E9881C221BB00072CC74 /* baby_phoneTests.swift */,
				B602E98A1C221BB00072CC74 /* Info.plist */,
			);
			path = "baby phoneTests";
			sourceTree = "<group>";
		};
		B602E9921C221BB00072CC74 /* baby phoneUITests */ = {
			isa = PBXGroup;
			children = (
				B602E9931C221BB00072CC74 /* baby_phoneUITests.swift */,
				B602E9951C221BB00072CC74 /* Info.plist */,
			);
			path = "baby phoneUITests";
			sourceTree = "<group>";
		};
/* End PBXGroup section */

/* Begin PBXNativeTarget section */
		B602E96F1C221BB00072CC74 /* baby phone */ = {
			isa = PBXNativeTarget;
			buildConfigurationList = B602E9981C221BB00072CC74 /* Build configuration list for PBXNativeTarget "baby phone" */;
			buildPhases = (
				B602E96C1C221BB00072CC74 /* Sources */,
				B602E96D1C221BB00072CC74 /* Frameworks */,
				B602E96E1C221BB00072CC74 /* Resources */,
			);
			buildRules = (
			);
			dependencies = (
			);
			name = "baby phone";
			productName = "baby phone";
			productReference = B602E9701C221BB00072CC74 /* baby phone.app */;
			productType = "com.apple.product-type.application";
		};
		B602E9831C221BB00072CC74 /* baby phoneTests */ = {
			isa = PBXNativeTarget;
			buildConfigurationList = B602E99B1C221BB00072CC74 /* Build configuration list for PBXNativeTarget "baby phoneTests" */;
			buildPhases = (
				B602E9801C221BB00072CC74 /* Sources */,
				B602E9811C221BB00072CC74 /* Frameworks */,
				B602E9821C221BB00072CC74 /* Resources */,
			);
			buildRules = (
			);
			dependencies = (
				B602E9861C221BB00072CC74 /* PBXTargetDependency */,
			);
			name = "baby phoneTests";
			productName = "baby phoneTests";
			productReference = B602E9841C221BB00072CC74 /* baby phoneTests.xctest */;
			productType = "com.apple.product-type.bundle.unit-test";
		};
		B602E98E1C221BB00072CC74 /* baby phoneUITests */ = {
			isa = PBXNativeTarget;
			buildConfigurationList = B602E99E1C221BB00072CC74 /* Build configuration list for PBXNativeTarget "baby phoneUITests" */;
			buildPhases = (
				B602E98B1C221BB00072CC74 /* Sources */,
				B602E98C1C221BB00072CC74 /* Frameworks */,
				B602E98D1C221BB00072CC74 /* Resources */,
			);
			buildRules = (
			);
			dependencies = (
				B602E9911C221BB00072CC74 /* PBXTargetDependency */,
			);
			name = "baby phoneUITests";
			productName = "baby phoneUITests";
			productReference = B602E98F1C221BB00072CC74 /* baby phoneUITests.xctest */;
			productType = "com.apple.product-type.bundle.ui-testing";
		};
/* End PBXNativeTarget section */

/* Begin PBXProject section */
		B602E9681C221BB00072CC74 /* Project object */ = {
			isa = PBXProject;
			attributes = {
				LastSwiftUpdateCheck = 0720;
				LastUpgradeCheck = 0720;
				ORGANIZATIONNAME = "Pookums & Pookums LTD";
				TargetAttributes = {
					B602E96F1C221BB00072CC74 = {
						CreatedOnToolsVersion = 7.2;
					};
					B602E9831C221BB00072CC74 = {
						CreatedOnToolsVersion = 7.2;
						TestTargetID = B602E96F1C221BB00072CC74;
					};
					B602E98E1C221BB00072CC74 = {
						CreatedOnToolsVersion = 7.2;
						TestTargetID = B602E96F1C221BB00072CC74;
					};
				};
			};
			buildConfigurationList = B602E96B1C221BB00072CC74 /* Build configuration list for PBXProject "baby phone" */;
			compatibilityVersion = "Xcode 3.2";
			developmentRegion = English;
			hasScannedForEncodings = 0;
			knownRegions = (
				en,
				Base,
			);
			mainGroup = B602E9671C221BB00072CC74;
			productRefGroup = B602E9711C221BB00072CC74 /* Products */;
			projectDirPath = "";
			projectRoot = "";
			targets = (
				B602E96F1C221BB00072CC74 /* baby phone */,
				B602E9831C221BB00072CC74 /* baby phoneTests */,
				B602E98E1C221BB00072CC74 /* baby phoneUITests */,
			);
		};
/* End PBXProject section */

/* Begin PBXResourcesBuildPhase section */
		B602E96E1C221BB00072CC74 /* Resources */ = {
			isa = PBXResourcesBuildPhase;
			buildActionMask = 2147483647;
			files = (
				B67431B91C23BCE3009BCFC1 /* meow.aiff in Resources */,
				B67431BD1C23C027009BCFC1 /* dog.mp3 in Resources */,
				B67431C61C23C155009BCFC1 /* sheep.mp3 in Resources */,
				B67431AD1C238603009BCFC1 /* beep9.mp3 in Resources */,
				B67431C41C23C155009BCFC1 /* elephant.mp3 in Resources */,
				B67431AF1C238610009BCFC1 /* phone-ringtone.mp3 in Resources */,
				B67431B51C239CA2009BCFC1 /* hello.amr in Resources */,
				B67431CA1C23C510009BCFC1 /* bird.mp3 in Resources */,
				B67431CB1C23C510009BCFC1 /* duck.mp3 in Resources */,
				B67431C31C23C155009BCFC1 /* pig.mp3 in Resources */,
				B602E97E1C221BB00072CC74 /* LaunchScreen.storyboard in Resources */,
				B67431C71C23C155009BCFC1 /* cow.mp3 in Resources */,
				B602E97B1C221BB00072CC74 /* Assets.xcassets in Resources */,
				B67431B71C239F00009BCFC1 /* hello.m4a in Resources */,
				B602E9791C221BB00072CC74 /* Main.storyboard in Resources */,
				B67431C51C23C155009BCFC1 /* horse.mp3 in Resources */,
				B67431B11C23861B009BCFC1 /* glass1.mp3 in Resources */,
			);
			runOnlyForDeploymentPostprocessing = 0;
		};
		B602E9821C221BB00072CC74 /* Resources */ = {
			isa = PBXResourcesBuildPhase;
			buildActionMask = 2147483647;
			files = (
			);
			runOnlyForDeploymentPostprocessing = 0;
		};
		B602E98D1C221BB00072CC74 /* Resources */ = {
			isa = PBXResourcesBuildPhase;
			buildActionMask = 2147483647;
			files = (
			);
			runOnlyForDeploymentPostprocessing = 0;
		};
/* End PBXResourcesBuildPhase section */

/* Begin PBXSourcesBuildPhase section */
		B602E96C1C221BB00072CC74 /* Sources */ = {
			isa = PBXSourcesBuildPhase;
			buildActionMask = 2147483647;
			files = (
				B602E9761C221BB00072CC74 /* ViewController.swift in Sources */,
				B602E9741C221BB00072CC74 /* AppDelegate.swift in Sources */,
			);
			runOnlyForDeploymentPostprocessing = 0;
		};
		B602E9801C221BB00072CC74 /* Sources */ = {
			isa = PBXSourcesBuildPhase;
			buildActionMask = 2147483647;
			files = (
				B602E9891C221BB00072CC74 /* baby_phoneTests.swift in Sources */,
			);
			runOnlyForDeploymentPostprocessing = 0;
		};
		B602E98B1C221BB00072CC74 /* Sources */ = {
			isa = PBXSourcesBuildPhase;
			buildActionMask = 2147483647;
			files = (
				B602E9941C221BB00072CC74 /* baby_phoneUITests.swift in Sources */,
			);
			runOnlyForDeploymentPostprocessing = 0;
		};
/* End PBXSourcesBuildPhase section */

/* Begin PBXTargetDependency section */
		B602E9861C221BB00072CC74 /* PBXTargetDependency */ = {
			isa = PBXTargetDependency;
			target = B602E96F1C221BB00072CC74 /* baby phone */;
			targetProxy = B602E9851C221BB00072CC74 /* PBXContainerItemProxy */;
		};
		B602E9911C221BB00072CC74 /* PBXTargetDependency */ = {
			isa = PBXTargetDependency;
			target = B602E96F1C221BB00072CC74 /* baby phone */;
			targetProxy = B602E9901C221BB00072CC74 /* PBXContainerItemProxy */;
		};
/* End PBXTargetDependency section */

/* Begin PBXVariantGroup section */
		B602E9771C221BB00072CC74 /* Main.storyboard */ = {
			isa = PBXVariantGroup;
			children = (
				B602E9781C221BB00072CC74 /* Base */,
			);
			name = Main.storyboard;
			sourceTree = "<group>";
		};
		B602E97C1C221BB00072CC74 /* LaunchScreen.storyboard */ = {
			isa = PBXVariantGroup;
			children = (
				B602E97D1C221BB00072CC74 /* Base */,
			);
			name = LaunchScreen.storyboard;
			sourceTree = "<group>";
		};
/* End PBXVariantGroup section */

/* Begin XCBuildConfiguration section */
		B602E9961C221BB00072CC74 /* Debug */ = {
			isa = XCBuildConfiguration;
			buildSettings = {
				ALWAYS_SEARCH_USER_PATHS = NO;
				CLANG_CXX_LANGUAGE_STANDARD = "gnu++0x";
				CLANG_CXX_LIBRARY = "libc++";
				CLANG_ENABLE_MODULES = YES;
				CLANG_ENABLE_OBJC_ARC = YES;
				CLANG_WARN_BOOL_CONVERSION = YES;
				CLANG_WARN_CONSTANT_CONVERSION = YES;
				CLANG_WARN_DIRECT_OBJC_ISA_USAGE = YES_ERROR;
				CLANG_WARN_EMPTY_BODY = YES;
				CLANG_WARN_ENUM_CONVERSION = YES;
				CLANG_WARN_INT_CONVERSION = YES;
				CLANG_WARN_OBJC_ROOT_CLASS = YES_ERROR;
				CLANG_WARN_UNREACHABLE_CODE = YES;
				CLANG_WARN__DUPLICATE_METHOD_MATCH = YES;
				"CODE_SIGN_IDENTITY[sdk=iphoneos*]" = "iPhone Developer";
				COPY_PHASE_STRIP = NO;
				DEBUG_INFORMATION_FORMAT = dwarf;
				ENABLE_STRICT_OBJC_MSGSEND = YES;
				ENABLE_TESTABILITY = YES;
				GCC_C_LANGUAGE_STANDARD = gnu99;
				GCC_DYNAMIC_NO_PIC = NO;
				GCC_NO_COMMON_BLOCKS = YES;
				GCC_OPTIMIZATION_LEVEL = 0;
				GCC_PREPROCESSOR_DEFINITIONS = (
					"DEBUG=1",
					"$(inherited)",
				);
				GCC_WARN_64_TO_32_BIT_CONVERSION = YES;
				GCC_WARN_ABOUT_RETURN_TYPE = YES_ERROR;
				GCC_WARN_UNDECLARED_SELECTOR = YES;
				GCC_WARN_UNINITIALIZED_AUTOS = YES_AGGRESSIVE;
				GCC_WARN_UNUSED_FUNCTION = YES;
				GCC_WARN_UNUSED_VARIABLE = YES;
				IPHONEOS_DEPLOYMENT_TARGET = 9.2;
				MTL_ENABLE_DEBUG_INFO = YES;
				ONLY_ACTIVE_ARCH = YES;
				SDKROOT = iphoneos;
				SWIFT_OPTIMIZATION_LEVEL = "-Onone";
				TARGETED_DEVICE_FAMILY = "1,2";
			};
			name = Debug;
		};
		B602E9971C221BB00072CC74 /* Release */ = {
			isa = XCBuildConfiguration;
			buildSettings = {
				ALWAYS_SEARCH_USER_PATHS = NO;
				CLANG_CXX_LANGUAGE_STANDARD = "gnu++0x";
				CLANG_CXX_LIBRARY = "libc++";
				CLANG_ENABLE_MODULES = YES;
				CLANG_ENABLE_OBJC_ARC = YES;
				CLANG_WARN_BOOL_CONVERSION = YES;
				CLANG_WARN_CONSTANT_CONVERSION = YES;
				CLANG_WARN_DIRECT_OBJC_ISA_USAGE = YES_ERROR;
				CLANG_WARN_EMPTY_BODY = YES;
				CLANG_WARN_ENUM_CONVERSION = YES;
				CLANG_WARN_INT_CONVERSION = YES;
				CLANG_WARN_OBJC_ROOT_CLASS = YES_ERROR;
				CLANG_WARN_UNREACHABLE_CODE = YES;
				CLANG_WARN__DUPLICATE_METHOD_MATCH = YES;
				"CODE_SIGN_IDENTITY[sdk=iphoneos*]" = "iPhone Developer";
				COPY_PHASE_STRIP = NO;
				DEBUG_INFORMATION_FORMAT = "dwarf-with-dsym";
				ENABLE_NS_ASSERTIONS = NO;
				ENABLE_STRICT_OBJC_MSGSEND = YES;
				GCC_C_LANGUAGE_STANDARD = gnu99;
				GCC_NO_COMMON_BLOCKS = YES;
				GCC_WARN_64_TO_32_BIT_CONVERSION = YES;
				GCC_WARN_ABOUT_RETURN_TYPE = YES_ERROR;
				GCC_WARN_UNDECLARED_SELECTOR = YES;
				GCC_WARN_UNINITIALIZED_AUTOS = YES_AGGRESSIVE;
				GCC_WARN_UNUSED_FUNCTION = YES;
				GCC_WARN_UNUSED_VARIABLE = YES;
				IPHONEOS_DEPLOYMENT_TARGET = 9.2;
				MTL_ENABLE_DEBUG_INFO = NO;
				SDKROOT = iphoneos;
				TARGETED_DEVICE_FAMILY = "1,2";
				VALIDATE_PRODUCT = YES;
			};
			name = Release;
		};
		B602E9991C221BB00072CC74 /* Debug */ = {
			isa = XCBuildConfiguration;
			buildSettings = {
				ASSETCATALOG_COMPILER_APPICON_NAME = AppIcon;
				INFOPLIST_FILE = "baby phone/Info.plist";
				LD_RUNPATH_SEARCH_PATHS = "$(inherited) @executable_path/Frameworks";
				PRODUCT_BUNDLE_IDENTIFIER = "pookumsltd.baby-phone";
				PRODUCT_NAME = "$(TARGET_NAME)";
			};
			name = Debug;
		};
		B602E99A1C221BB00072CC74 /* Release */ = {
			isa = XCBuildConfiguration;
			buildSettings = {
				ASSETCATALOG_COMPILER_APPICON_NAME = AppIcon;
				INFOPLIST_FILE = "baby phone/Info.plist";
				LD_RUNPATH_SEARCH_PATHS = "$(inherited) @executable_path/Frameworks";
				PRODUCT_BUNDLE_IDENTIFIER = "pookumsltd.baby-phone";
				PRODUCT_NAME = "$(TARGET_NAME)";
			};
			name = Release;
		};
		B602E99C1C221BB00072CC74 /* Debug */ = {
			isa = XCBuildConfiguration;
			buildSettings = {
				BUNDLE_LOADER = "$(TEST_HOST)";
				INFOPLIST_FILE = "baby phoneTests/Info.plist";
				LD_RUNPATH_SEARCH_PATHS = "$(inherited) @executable_path/Frameworks @loader_path/Frameworks";
				PRODUCT_BUNDLE_IDENTIFIER = "pookumsltd.baby-phoneTests";
				PRODUCT_NAME = "$(TARGET_NAME)";
				TEST_HOST = "$(BUILT_PRODUCTS_DIR)/baby phone.app/baby phone";
			};
			name = Debug;
		};
		B602E99D1C221BB00072CC74 /* Release */ = {
			isa = XCBuildConfiguration;
			buildSettings = {
				BUNDLE_LOADER = "$(TEST_HOST)";
				INFOPLIST_FILE = "baby phoneTests/Info.plist";
				LD_RUNPATH_SEARCH_PATHS = "$(inherited) @executable_path/Frameworks @loader_path/Frameworks";
				PRODUCT_BUNDLE_IDENTIFIER = "pookumsltd.baby-phoneTests";
				PRODUCT_NAME = "$(TARGET_NAME)";
				TEST_HOST = "$(BUILT_PRODUCTS_DIR)/baby phone.app/baby phone";
			};
			name = Release;
		};
		B602E99F1C221BB00072CC74 /* Debug */ = {
			isa = XCBuildConfiguration;
			buildSettings = {
				INFOPLIST_FILE = "baby phoneUITests/Info.plist";
				LD_RUNPATH_SEARCH_PATHS = "$(inherited) @executable_path/Frameworks @loader_path/Frameworks";
				PRODUCT_BUNDLE_IDENTIFIER = "pookumsltd.baby-phoneUITests";
				PRODUCT_NAME = "$(TARGET_NAME)";
				TEST_TARGET_NAME = "baby phone";
				USES_XCTRUNNER = YES;
			};
			name = Debug;
		};
		B602E9A01C221BB00072CC74 /* Release */ = {
			isa = XCBuildConfiguration;
			buildSettings = {
				INFOPLIST_FILE = "baby phoneUITests/Info.plist";
				LD_RUNPATH_SEARCH_PATHS = "$(inherited) @executable_path/Frameworks @loader_path/Frameworks";
				PRODUCT_BUNDLE_IDENTIFIER = "pookumsltd.baby-phoneUITests";
				PRODUCT_NAME = "$(TARGET_NAME)";
				TEST_TARGET_NAME = "baby phone";
				USES_XCTRUNNER = YES;
			};
			name = Release;
		};
/* End XCBuildConfiguration section */

/* Begin XCConfigurationList section */
		B602E96B1C221BB00072CC74 /* Build configuration list for PBXProject "baby phone" */ = {
			isa = XCConfigurationList;
			buildConfigurations = (
				B602E9961C221BB00072CC74 /* Debug */,
				B602E9971C221BB00072CC74 /* Release */,
			);
			defaultConfigurationIsVisible = 0;
			defaultConfigurationName = Release;
		};
		B602E9981C221BB00072CC74 /* Build configuration list for PBXNativeTarget "baby phone" */ = {
			isa = XCConfigurationList;
			buildConfigurations = (
				B602E9991C221BB00072CC74 /* Debug */,
				B602E99A1C221BB00072CC74 /* Release */,
			);
			defaultConfigurationIsVisible = 0;
			defaultConfigurationName = Release;
		};
		B602E99B1C221BB00072CC74 /* Build configuration list for PBXNativeTarget "baby phoneTests" */ = {
			isa = XCConfigurationList;
			buildConfigurations = (
				B602E99C1C221BB00072CC74 /* Debug */,
				B602E99D1C221BB00072CC74 /* Release */,
			);
			defaultConfigurationIsVisible = 0;
			defaultConfigurationName = Release;
		};
		B602E99E1C221BB00072CC74 /* Build configuration list for PBXNativeTarget "baby phoneUITests" */ = {
			isa = XCConfigurationList;
			buildConfigurations = (
				B602E99F1C221BB00072CC74 /* Debug */,
				B602E9A01C221BB00072CC74 /* Release */,
			);
			defaultConfigurationIsVisible = 0;
			defaultConfigurationName = Release;
		};
/* End XCConfigurationList section */
	};
	rootObject = B602E9681C221BB00072CC74 /* Project object */;
}
